// !$*UTF8*$!
{
	archiveVersion = 1;
	classes = {
	};
	objectVersion = 46;
	objects = {

/* Begin PBXBuildFile section */
		093E645D18A5EE060080CE80 /* XCTest.framework in Frameworks */ = {isa = PBXBuildFile; fileRef = 093E645C18A5EE060080CE80 /* XCTest.framework */; };
		093E645F18A5EE060080CE80 /* Foundation.framework in Frameworks */ = {isa = PBXBuildFile; fileRef = 093E645E18A5EE060080CE80 /* Foundation.framework */; };
		093E646118A5EE060080CE80 /* UIKit.framework in Frameworks */ = {isa = PBXBuildFile; fileRef = 093E646018A5EE060080CE80 /* UIKit.framework */; };
		093E646718A5EE060080CE80 /* InfoPlist.strings in Resources */ = {isa = PBXBuildFile; fileRef = 093E646518A5EE060080CE80 /* InfoPlist.strings */; };
		093E646918A5EE060080CE80 /* CXCKeyValueObserverTests.m in Sources */ = {isa = PBXBuildFile; fileRef = 093E646818A5EE060080CE80 /* CXCKeyValueObserverTests.m */; };
		093E647118A5EF1F0080CE80 /* CXCKeyValueObserver.m in Sources */ = {isa = PBXBuildFile; fileRef = 093E647018A5EF1F0080CE80 /* CXCKeyValueObserver.m */; };
		C3B086A245D04303B96C433A /* libPods-CXCKeyValueObserverTests.a in Frameworks */ = {isa = PBXBuildFile; fileRef = 28AB95DCA9B8425BA52B2E15 /* libPods-CXCKeyValueObserverTests.a */; };
/* End PBXBuildFile section */

/* Begin PBXFileReference section */
		093E645918A5EE060080CE80 /* CXCKeyValueObserverTests.xctest */ = {isa = PBXFileReference; explicitFileType = wrapper.cfbundle; includeInIndex = 0; path = CXCKeyValueObserverTests.xctest; sourceTree = BUILT_PRODUCTS_DIR; };
		093E645C18A5EE060080CE80 /* XCTest.framework */ = {isa = PBXFileReference; lastKnownFileType = wrapper.framework; name = XCTest.framework; path = Library/Frameworks/XCTest.framework; sourceTree = DEVELOPER_DIR; };
		093E645E18A5EE060080CE80 /* Foundation.framework */ = {isa = PBXFileReference; lastKnownFileType = wrapper.framework; name = Foundation.framework; path = Library/Frameworks/Foundation.framework; sourceTree = DEVELOPER_DIR; };
		093E646018A5EE060080CE80 /* UIKit.framework */ = {isa = PBXFileReference; lastKnownFileType = wrapper.framework; name = UIKit.framework; path = Library/Frameworks/UIKit.framework; sourceTree = DEVELOPER_DIR; };
		093E646418A5EE060080CE80 /* CXCKeyValueObserverTests-Info.plist */ = {isa = PBXFileReference; lastKnownFileType = text.plist.xml; path = "CXCKeyValueObserverTests-Info.plist"; sourceTree = "<group>"; };
		093E646618A5EE060080CE80 /* en */ = {isa = PBXFileReference; lastKnownFileType = text.plist.strings; name = en; path = en.lproj/InfoPlist.strings; sourceTree = "<group>"; };
		093E646818A5EE060080CE80 /* CXCKeyValueObserverTests.m */ = {isa = PBXFileReference; lastKnownFileType = sourcecode.c.objc; path = CXCKeyValueObserverTests.m; sourceTree = "<group>"; };
		093E646A18A5EE060080CE80 /* CXCKeyValueObserverTests-Prefix.pch */ = {isa = PBXFileReference; lastKnownFileType = sourcecode.c.h; path = "CXCKeyValueObserverTests-Prefix.pch"; sourceTree = "<group>"; };
		093E646F18A5EF1F0080CE80 /* CXCKeyValueObserver.h */ = {isa = PBXFileReference; fileEncoding = 4; lastKnownFileType = sourcecode.c.h; path = CXCKeyValueObserver.h; sourceTree = "<group>"; };
		093E647018A5EF1F0080CE80 /* CXCKeyValueObserver.m */ = {isa = PBXFileReference; fileEncoding = 4; lastKnownFileType = sourcecode.c.objc; path = CXCKeyValueObserver.m; sourceTree = "<group>"; };
		28AB95DCA9B8425BA52B2E15 /* libPods-CXCKeyValueObserverTests.a */ = {isa = PBXFileReference; explicitFileType = archive.ar; includeInIndex = 0; path = "libPods-CXCKeyValueObserverTests.a"; sourceTree = BUILT_PRODUCTS_DIR; };
		EF08E20DAEA042E9A7921DBC /* Pods-CXCKeyValueObserverTests.xcconfig */ = {isa = PBXFileReference; includeInIndex = 1; lastKnownFileType = text.xcconfig; name = "Pods-CXCKeyValueObserverTests.xcconfig"; path = "Pods/Pods-CXCKeyValueObserverTests.xcconfig"; sourceTree = "<group>"; };
/* End PBXFileReference section */

/* Begin PBXFrameworksBuildPhase section */
		093E645618A5EE060080CE80 /* Frameworks */ = {
			isa = PBXFrameworksBuildPhase;
			buildActionMask = 2147483647;
			files = (
				093E645D18A5EE060080CE80 /* XCTest.framework in Frameworks */,
				093E646118A5EE060080CE80 /* UIKit.framework in Frameworks */,
				093E645F18A5EE060080CE80 /* Foundation.framework in Frameworks */,
				C3B086A245D04303B96C433A /* libPods-CXCKeyValueObserverTests.a in Frameworks */,
			);
			runOnlyForDeploymentPostprocessing = 0;
		};
/* End PBXFrameworksBuildPhase section */

/* Begin PBXGroup section */
		093E644E18A5ED970080CE80 = {
			isa = PBXGroup;
			children = (
				093E646E18A5EEF80080CE80 /* CXCKeyValueObserver */,
				093E646218A5EE060080CE80 /* CXCKeyValueObserverTests */,
				093E645B18A5EE060080CE80 /* Frameworks */,
				093E645A18A5EE060080CE80 /* Products */,
				EF08E20DAEA042E9A7921DBC /* Pods-CXCKeyValueObserverTests.xcconfig */,
			);
			sourceTree = "<group>";
		};
		093E645A18A5EE060080CE80 /* Products */ = {
			isa = PBXGroup;
			children = (
				093E645918A5EE060080CE80 /* CXCKeyValueObserverTests.xctest */,
			);
			name = Products;
			sourceTree = "<group>";
		};
		093E645B18A5EE060080CE80 /* Frameworks */ = {
			isa = PBXGroup;
			children = (
				093E645C18A5EE060080CE80 /* XCTest.framework */,
				093E645E18A5EE060080CE80 /* Foundation.framework */,
				093E646018A5EE060080CE80 /* UIKit.framework */,
				28AB95DCA9B8425BA52B2E15 /* libPods-CXCKeyValueObserverTests.a */,
			);
			name = Frameworks;
			sourceTree = "<group>";
		};
		093E646218A5EE060080CE80 /* CXCKeyValueObserverTests */ = {
			isa = PBXGroup;
			children = (
				093E646818A5EE060080CE80 /* CXCKeyValueObserverTests.m */,
				093E646318A5EE060080CE80 /* Supporting Files */,
			);
			path = CXCKeyValueObserverTests;
			sourceTree = "<group>";
		};
		093E646318A5EE060080CE80 /* Supporting Files */ = {
			isa = PBXGroup;
			children = (
				093E646418A5EE060080CE80 /* CXCKeyValueObserverTests-Info.plist */,
				093E646518A5EE060080CE80 /* InfoPlist.strings */,
				093E646A18A5EE060080CE80 /* CXCKeyValueObserverTests-Prefix.pch */,
			);
			name = "Supporting Files";
			sourceTree = "<group>";
		};
		093E646E18A5EEF80080CE80 /* CXCKeyValueObserver */ = {
			isa = PBXGroup;
			children = (
				093E646F18A5EF1F0080CE80 /* CXCKeyValueObserver.h */,
				093E647018A5EF1F0080CE80 /* CXCKeyValueObserver.m */,
			);
			path = CXCKeyValueObserver;
			sourceTree = "<group>";
		};
/* End PBXGroup section */

/* Begin PBXNativeTarget section */
		093E645818A5EE060080CE80 /* CXCKeyValueObserverTests */ = {
			isa = PBXNativeTarget;
			buildConfigurationList = 093E646B18A5EE060080CE80 /* Build configuration list for PBXNativeTarget "CXCKeyValueObserverTests" */;
			buildPhases = (
				3E968EC124D24BEFB5F6B36C /* Check Pods Manifest.lock */,
				093E645518A5EE060080CE80 /* Sources */,
				093E645618A5EE060080CE80 /* Frameworks */,
				093E645718A5EE060080CE80 /* Resources */,
				CCDACC9669A54189999FD77A /* Copy Pods Resources */,
			);
			buildRules = (
			);
			dependencies = (
			);
			name = CXCKeyValueObserverTests;
			productName = CXCKeyValueObserverTests;
			productReference = 093E645918A5EE060080CE80 /* CXCKeyValueObserverTests.xctest */;
			productType = "com.apple.product-type.bundle.unit-test";
		};
/* End PBXNativeTarget section */

/* Begin PBXProject section */
		093E644F18A5ED970080CE80 /* Project object */ = {
			isa = PBXProject;
			attributes = {
				LastUpgradeCheck = 0500;
			};
			buildConfigurationList = 093E645218A5ED970080CE80 /* Build configuration list for PBXProject "CXCKeyValueObserver" */;
			compatibilityVersion = "Xcode 3.2";
			developmentRegion = English;
			hasScannedForEncodings = 0;
			knownRegions = (
				en,
			);
			mainGroup = 093E644E18A5ED970080CE80;
			productRefGroup = 093E645A18A5EE060080CE80 /* Products */;
			projectDirPath = "";
			projectRoot = "";
			targets = (
				093E645818A5EE060080CE80 /* CXCKeyValueObserverTests */,
			);
		};
/* End PBXProject section */

/* Begin PBXResourcesBuildPhase section */
		093E645718A5EE060080CE80 /* Resources */ = {
			isa = PBXResourcesBuildPhase;
			buildActionMask = 2147483647;
			files = (
				093E646718A5EE060080CE80 /* InfoPlist.strings in Resources */,
			);
			runOnlyForDeploymentPostprocessing = 0;
		};
/* End PBXResourcesBuildPhase section */

/* Begin PBXShellScriptBuildPhase section */
		3E968EC124D24BEFB5F6B36C /* Check Pods Manifest.lock */ = {
			isa = PBXShellScriptBuildPhase;
			buildActionMask = 2147483647;
			files = (
			);
			inputPaths = (
			);
			name = "Check Pods Manifest.lock";
			outputPaths = (
			);
			runOnlyForDeploymentPostprocessing = 0;
			shellPath = /bin/sh;
			shellScript = "diff \"${PODS_ROOT}/../Podfile.lock\" \"${PODS_ROOT}/Manifest.lock\" > /dev/null\nif [[ $? != 0 ]] ; then\n    cat << EOM\nerror: The sandbox is not in sync with the Podfile.lock. Run 'pod install' or update your CocoaPods installation.\nEOM\n    exit 1\nfi\n";
			showEnvVarsInLog = 0;
		};
		CCDACC9669A54189999FD77A /* Copy Pods Resources */ = {
			isa = PBXShellScriptBuildPhase;
			buildActionMask = 2147483647;
			files = (
			);
			inputPaths = (
			);
			name = "Copy Pods Resources";
			outputPaths = (
			);
			runOnlyForDeploymentPostprocessing = 0;
			shellPath = /bin/sh;
			shellScript = "\"${SRCROOT}/Pods/Pods-CXCKeyValueObserverTests-resources.sh\"\n";
			showEnvVarsInLog = 0;
		};
/* End PBXShellScriptBuildPhase section */

/* Begin PBXSourcesBuildPhase section */
		093E645518A5EE060080CE80 /* Sources */ = {
			isa = PBXSourcesBuildPhase;
			buildActionMask = 2147483647;
			files = (
				093E647118A5EF1F0080CE80 /* CXCKeyValueObserver.m in Sources */,
				093E646918A5EE060080CE80 /* CXCKeyValueObserverTests.m in Sources */,
			);
			runOnlyForDeploymentPostprocessing = 0;
		};
/* End PBXSourcesBuildPhase section */

/* Begin PBXVariantGroup section */
		093E646518A5EE060080CE80 /* InfoPlist.strings */ = {
			isa = PBXVariantGroup;
			children = (
				093E646618A5EE060080CE80 /* en */,
			);
			name = InfoPlist.strings;
			sourceTree = "<group>";
		};
/* End PBXVariantGroup section */

/* Begin XCBuildConfiguration section */
		093E645318A5ED970080CE80 /* Debug */ = {
			isa = XCBuildConfiguration;
			buildSettings = {
			};
			name = Debug;
		};
		093E645418A5ED970080CE80 /* Release */ = {
			isa = XCBuildConfiguration;
			buildSettings = {
			};
			name = Release;
		};
		093E646C18A5EE060080CE80 /* Debug */ = {
			isa = XCBuildConfiguration;
			baseConfigurationReference = EF08E20DAEA042E9A7921DBC /* Pods-CXCKeyValueObserverTests.xcconfig */;
			buildSettings = {
				ALWAYS_SEARCH_USER_PATHS = NO;
				ARCHS = "$(ARCHS_STANDARD_INCLUDING_64_BIT)";
				CLANG_CXX_LANGUAGE_STANDARD = "gnu++0x";
				CLANG_CXX_LIBRARY = "libc++";
				CLANG_ENABLE_MODULES = YES;
				CLANG_ENABLE_OBJC_ARC = YES;
				CLANG_WARN_BOOL_CONVERSION = YES;
				CLANG_WARN_CONSTANT_CONVERSION = YES;
				CLANG_WARN_DIRECT_OBJC_ISA_USAGE = YES_ERROR;
				CLANG_WARN_EMPTY_BODY = YES;
				CLANG_WARN_ENUM_CONVERSION = YES;
				CLANG_WARN_INT_CONVERSION = YES;
				CLANG_WARN_OBJC_ROOT_CLASS = YES_ERROR;
				CLANG_WARN__DUPLICATE_METHOD_MATCH = YES;
				COPY_PHASE_STRIP = NO;
				FRAMEWORK_SEARCH_PATHS = (
					"$(SDKROOT)/Developer/Library/Frameworks",
					"$(inherited)",
					"$(DEVELOPER_FRAMEWORKS_DIR)",
				);
				GCC_C_LANGUAGE_STANDARD = gnu99;
				GCC_DYNAMIC_NO_PIC = NO;
				GCC_OPTIMIZATION_LEVEL = 0;
				GCC_PRECOMPILE_PREFIX_HEADER = YES;
				GCC_PREFIX_HEADER = "CXCKeyValueObserverTests/CXCKeyValueObserverTests-Prefix.pch";
				GCC_PREPROCESSOR_DEFINITIONS = (
					"DEBUG=1",
					"$(inherited)",
				);
				GCC_SYMBOLS_PRIVATE_EXTERN = NO;
				GCC_WARN_64_TO_32_BIT_CONVERSION = YES;
				GCC_WARN_ABOUT_RETURN_TYPE = YES_ERROR;
				GCC_WARN_UNDECLARED_SELECTOR = YES;
				GCC_WARN_UNINITIALIZED_AUTOS = YES;
				GCC_WARN_UNUSED_FUNCTION = YES;
				GCC_WARN_UNUSED_VARIABLE = YES;
				INFOPLIST_FILE = "CXCKeyValueObserverTests/CXCKeyValueObserverTests-Info.plist";
				IPHONEOS_DEPLOYMENT_TARGET = 7.0;
				ONLY_ACTIVE_ARCH = YES;
				PRODUCT_NAME = "$(TARGET_NAME)";
				SDKROOT = iphoneos;
				WRAPPER_EXTENSION = xctest;
			};
			name = Debug;
		};
		093E646D18A5EE060080CE80 /* Release */ = {
			isa = XCBuildConfiguration;
			baseConfigurationReference = EF08E20DAEA042E9A7921DBC /* Pods-CXCKeyValueObserverTests.xcconfig */;
			buildSettings = {
				ALWAYS_SEARCH_USER_PATHS = NO;
				ARCHS = "$(ARCHS_STANDARD_INCLUDING_64_BIT)";
				CLANG_CXX_LANGUAGE_STANDARD = "gnu++0x";
				CLANG_CXX_LIBRARY = "libc++";
				CLANG_ENABLE_MODULES = YES;
				CLANG_ENABLE_OBJC_ARC = YES;
				CLANG_WARN_BOOL_CONVERSION = YES;
				CLANG_WARN_CONSTANT_CONVERSION = YES;
				CLANG_WARN_DIRECT_OBJC_ISA_USAGE = YES_ERROR;
				CLANG_WARN_EMPTY_BODY = YES;
				CLANG_WARN_ENUM_CONVERSION = YES;
				CLANG_WARN_INT_CONVERSION = YES;
				CLANG_WARN_OBJC_ROOT_CLASS = YES_ERROR;
				CLANG_WARN__DUPLICATE_METHOD_MATCH = YES;
				COPY_PHASE_STRIP = YES;
				ENABLE_NS_ASSERTIONS = NO;
				FRAMEWORK_SEARCH_PATHS = (
					"$(SDKROOT)/Developer/Library/Frameworks",
					"$(inherited)",
					"$(DEVELOPER_FRAMEWORKS_DIR)",
				);
				GCC_C_LANGUAGE_STANDARD = gnu99;
				GCC_PRECOMPILE_PREFIX_HEADER = YES;
				GCC_PREFIX_HEADER = "CXCKeyValueObserverTests/CXCKeyValueObserverTests-Prefix.pch";
				GCC_WARN_64_TO_32_BIT_CONVERSION = YES;
				GCC_WARN_ABOUT_RETURN_TYPE = YES_ERROR;
				GCC_WARN_UNDECLARED_SELECTOR = YES;
				GCC_WARN_UNINITIALIZED_AUTOS = YES;
				GCC_WARN_UNUSED_FUNCTION = YES;
				GCC_WARN_UNUSED_VARIABLE = YES;
				INFOPLIST_FILE = "CXCKeyValueObserverTests/CXCKeyValueObserverTests-Info.plist";
				IPHONEOS_DEPLOYMENT_TARGET = 7.0;
				PRODUCT_NAME = "$(TARGET_NAME)";
				SDKROOT = iphoneos;
				VALIDATE_PRODUCT = YES;
				WRAPPER_EXTENSION = xctest;
			};
			name = Release;
		};
/* End XCBuildConfiguration section */

/* Begin XCConfigurationList section */
		093E645218A5ED970080CE80 /* Build configuration list for PBXProject "CXCKeyValueObserver" */ = {
			isa = XCConfigurationList;
			buildConfigurations = (
				093E645318A5ED970080CE80 /* Debug */,
				093E645418A5ED970080CE80 /* Release */,
			);
			defaultConfigurationIsVisible = 0;
			defaultConfigurationName = Release;
		};
		093E646B18A5EE060080CE80 /* Build configuration list for PBXNativeTarget "CXCKeyValueObserverTests" */ = {
			isa = XCConfigurationList;
			buildConfigurations = (
				093E646C18A5EE060080CE80 /* Debug */,
				093E646D18A5EE060080CE80 /* Release */,
			);
			defaultConfigurationIsVisible = 0;
			defaultConfigurationName = Release;
		};
/* End XCConfigurationList section */
	};
	rootObject = 093E644F18A5ED970080CE80 /* Project object */;
}
